
Microsoft Visual Studio Solution File, Format Version 12.00
Project("{FAE04EC0-301F-11D3-BF4B-00C04F79EFBC}") = "TaskAppApi", "TaskAppApi\TaskAppApi.csproj", "{4129A29D-FF0C-421B-AED3-65366E8490C6}"
EndProject
Project("{2150E333-8FDC-42A3-9474-1A3956D46DE8}") = "Solution Items", "Solution Items", "{C8A5C4C2-5082-462F-9D91-76FD504BACF0}"
	ProjectSection(SolutionItems) = preProject
		compose.yaml = compose.yaml
		README.md = README.md
	EndProjectSection
EndProject
Project("{FAE04EC0-301F-11D3-BF4B-00C04F79EFBC}") = "TaskAppApi.Tests", "TaskAppApi.Tests\TaskAppApi.Tests.csproj", "{1B0006EE-6C35-46C2-BBCA-D11E1F02B6F2}"
EndProject
Global
	GlobalSection(SolutionConfigurationPlatforms) = preSolution
		Debug|Any CPU = Debug|Any CPU
		Release|Any CPU = Release|Any CPU
	EndGlobalSection
	GlobalSection(ProjectConfigurationPlatforms) = postSolution
		{4129A29D-FF0C-421B-AED3-65366E8490C6}.Debug|Any CPU.ActiveCfg = Debug|Any CPU
		{4129A29D-FF0C-421B-AED3-65366E8490C6}.Debug|Any CPU.Build.0 = Debug|Any CPU
		{4129A29D-FF0C-421B-AED3-65366E8490C6}.Release|Any CPU.ActiveCfg = Release|Any CPU
		{4129A29D-FF0C-421B-AED3-65366E8490C6}.Release|Any CPU.Build.0 = Release|Any CPU
		{1B0006EE-6C35-46C2-BBCA-D11E1F02B6F2}.Debug|Any CPU.ActiveCfg = Debug|Any CPU
		{1B0006EE-6C35-46C2-BBCA-D11E1F02B6F2}.Debug|Any CPU.Build.0 = Debug|Any CPU
		{1B0006EE-6C35-46C2-BBCA-D11E1F02B6F2}.Release|Any CPU.ActiveCfg = Release|Any CPU
		{1B0006EE-6C35-46C2-BBCA-D11E1F02B6F2}.Release|Any CPU.Build.0 = Release|Any CPU
	EndGlobalSection
EndGlobal
